// !$*UTF8*$!
{
	archiveVersion = 1;
	classes = {
	};
	objectVersion = 46;
	objects = {

/* Begin PBXBuildFile section */
		D9DD0BF01AF3F349005D9F1F /* AppDelegate.swift in Sources */ = {isa = PBXBuildFile; fileRef = D9DD0BEF1AF3F349005D9F1F /* AppDelegate.swift */; };
		D9DD0BF41AF3F349005D9F1F /* GameScene.swift in Sources */ = {isa = PBXBuildFile; fileRef = D9DD0BF31AF3F349005D9F1F /* GameScene.swift */; };
		D9DD0BF61AF3F349005D9F1F /* GameViewController.swift in Sources */ = {isa = PBXBuildFile; fileRef = D9DD0BF51AF3F349005D9F1F /* GameViewController.swift */; };
		D9DD0BF91AF3F349005D9F1F /* Main.storyboard in Resources */ = {isa = PBXBuildFile; fileRef = D9DD0BF71AF3F349005D9F1F /* Main.storyboard */; };
		D9DD0BFB1AF3F349005D9F1F /* Images.xcassets in Resources */ = {isa = PBXBuildFile; fileRef = D9DD0BFA1AF3F349005D9F1F /* Images.xcassets */; };
		D9DD0BFE1AF3F349005D9F1F /* LaunchScreen.xib in Resources */ = {isa = PBXBuildFile; fileRef = D9DD0BFC1AF3F349005D9F1F /* LaunchScreen.xib */; };
		D9DD0C0A1AF3F349005D9F1F /* SwiftrisTests.swift in Sources */ = {isa = PBXBuildFile; fileRef = D9DD0C091AF3F349005D9F1F /* SwiftrisTests.swift */; };
/* End PBXBuildFile section */

/* Begin PBXContainerItemProxy section */
		D9DD0C041AF3F349005D9F1F /* PBXContainerItemProxy */ = {
			isa = PBXContainerItemProxy;
			containerPortal = D9DD0BE21AF3F348005D9F1F /* Project object */;
			proxyType = 1;
			remoteGlobalIDString = D9DD0BE91AF3F349005D9F1F;
			remoteInfo = Swiftris;
		};
/* End PBXContainerItemProxy section */

/* Begin PBXFileReference section */
		D9DD0BEA1AF3F349005D9F1F /* Swiftris.app */ = {isa = PBXFileReference; explicitFileType = wrapper.application; includeInIndex = 0; path = Swiftris.app; sourceTree = BUILT_PRODUCTS_DIR; };
		D9DD0BEE1AF3F349005D9F1F /* Info.plist */ = {isa = PBXFileReference; lastKnownFileType = text.plist.xml; path = Info.plist; sourceTree = "<group>"; };
		D9DD0BEF1AF3F349005D9F1F /* AppDelegate.swift */ = {isa = PBXFileReference; lastKnownFileType = sourcecode.swift; path = AppDelegate.swift; sourceTree = "<group>"; };
		D9DD0BF31AF3F349005D9F1F /* GameScene.swift */ = {isa = PBXFileReference; lastKnownFileType = sourcecode.swift; path = GameScene.swift; sourceTree = "<group>"; };
		D9DD0BF51AF3F349005D9F1F /* GameViewController.swift */ = {isa = PBXFileReference; lastKnownFileType = sourcecode.swift; path = GameViewController.swift; sourceTree = "<group>"; };
		D9DD0BF81AF3F349005D9F1F /* Base */ = {isa = PBXFileReference; lastKnownFileType = file.storyboard; name = Base; path = Base.lproj/Main.storyboard; sourceTree = "<group>"; };
		D9DD0BFA1AF3F349005D9F1F /* Images.xcassets */ = {isa = PBXFileReference; lastKnownFileType = folder.assetcatalog; path = Images.xcassets; sourceTree = "<group>"; };
		D9DD0BFD1AF3F349005D9F1F /* Base */ = {isa = PBXFileReference; lastKnownFileType = file.xib; name = Base; path = Base.lproj/LaunchScreen.xib; sourceTree = "<group>"; };
		D9DD0C031AF3F349005D9F1F /* SwiftrisTests.xctest */ = {isa = PBXFileReference; explicitFileType = wrapper.cfbundle; includeInIndex = 0; path = SwiftrisTests.xctest; sourceTree = BUILT_PRODUCTS_DIR; };
		D9DD0C081AF3F349005D9F1F /* Info.plist */ = {isa = PBXFileReference; lastKnownFileType = text.plist.xml; path = Info.plist; sourceTree = "<group>"; };
		D9DD0C091AF3F349005D9F1F /* SwiftrisTests.swift */ = {isa = PBXFileReference; lastKnownFileType = sourcecode.swift; path = SwiftrisTests.swift; sourceTree = "<group>"; };
/* End PBXFileReference section */

/* Begin PBXFrameworksBuildPhase section */
		D9DD0BE71AF3F349005D9F1F /* Frameworks */ = {
			isa = PBXFrameworksBuildPhase;
			buildActionMask = 2147483647;
			files = (
			);
			runOnlyForDeploymentPostprocessing = 0;
		};
		D9DD0C001AF3F349005D9F1F /* Frameworks */ = {
			isa = PBXFrameworksBuildPhase;
			buildActionMask = 2147483647;
			files = (
			);
			runOnlyForDeploymentPostprocessing = 0;
		};
/* End PBXFrameworksBuildPhase section */

/* Begin PBXGroup section */
		D9DD0BE11AF3F348005D9F1F = {
			isa = PBXGroup;
			children = (
				D9DD0BEC1AF3F349005D9F1F /* Swiftris */,
				D9DD0C061AF3F349005D9F1F /* SwiftrisTests */,
				D9DD0BEB1AF3F349005D9F1F /* Products */,
			);
			sourceTree = "<group>";
		};
		D9DD0BEB1AF3F349005D9F1F /* Products */ = {
			isa = PBXGroup;
			children = (
				D9DD0BEA1AF3F349005D9F1F /* Swiftris.app */,
				D9DD0C031AF3F349005D9F1F /* SwiftrisTests.xctest */,
			);
			name = Products;
			sourceTree = "<group>";
		};
		D9DD0BEC1AF3F349005D9F1F /* Swiftris */ = {
			isa = PBXGroup;
			children = (
				D9DD0BEF1AF3F349005D9F1F /* AppDelegate.swift */,
				D9DD0BF31AF3F349005D9F1F /* GameScene.swift */,
				D9DD0BF51AF3F349005D9F1F /* GameViewController.swift */,
				D9DD0BF71AF3F349005D9F1F /* Main.storyboard */,
				D9DD0BFA1AF3F349005D9F1F /* Images.xcassets */,
				D9DD0BFC1AF3F349005D9F1F /* LaunchScreen.xib */,
				D9DD0BED1AF3F349005D9F1F /* Supporting Files */,
			);
			path = Swiftris;
			sourceTree = "<group>";
		};
		D9DD0BED1AF3F349005D9F1F /* Supporting Files */ = {
			isa = PBXGroup;
			children = (
				D9DD0BEE1AF3F349005D9F1F /* Info.plist */,
			);
			name = "Supporting Files";
			sourceTree = "<group>";
		};
		D9DD0C061AF3F349005D9F1F /* SwiftrisTests */ = {
			isa = PBXGroup;
			children = (
				D9DD0C091AF3F349005D9F1F /* SwiftrisTests.swift */,
				D9DD0C071AF3F349005D9F1F /* Supporting Files */,
			);
			path = SwiftrisTests;
			sourceTree = "<group>";
		};
		D9DD0C071AF3F349005D9F1F /* Supporting Files */ = {
			isa = PBXGroup;
			children = (
				D9DD0C081AF3F349005D9F1F /* Info.plist */,
			);
			name = "Supporting Files";
			sourceTree = "<group>";
		};
/* End PBXGroup section */

/* Begin PBXNativeTarget section */
		D9DD0BE91AF3F349005D9F1F /* Swiftris */ = {
			isa = PBXNativeTarget;
			buildConfigurationList = D9DD0C0D1AF3F349005D9F1F /* Build configuration list for PBXNativeTarget "Swiftris" */;
			buildPhases = (
				D9DD0BE61AF3F349005D9F1F /* Sources */,
				D9DD0BE71AF3F349005D9F1F /* Frameworks */,
				D9DD0BE81AF3F349005D9F1F /* Resources */,
			);
			buildRules = (
			);
			dependencies = (
			);
			name = Swiftris;
			productName = Swiftris;
			productReference = D9DD0BEA1AF3F349005D9F1F /* Swiftris.app */;
			productType = "com.apple.product-type.application";
		};
		D9DD0C021AF3F349005D9F1F /* SwiftrisTests */ = {
			isa = PBXNativeTarget;
			buildConfigurationList = D9DD0C101AF3F349005D9F1F /* Build configuration list for PBXNativeTarget "SwiftrisTests" */;
			buildPhases = (
				D9DD0BFF1AF3F349005D9F1F /* Sources */,
				D9DD0C001AF3F349005D9F1F /* Frameworks */,
				D9DD0C011AF3F349005D9F1F /* Resources */,
			);
			buildRules = (
			);
			dependencies = (
				D9DD0C051AF3F349005D9F1F /* PBXTargetDependency */,
			);
			name = SwiftrisTests;
			productName = SwiftrisTests;
			productReference = D9DD0C031AF3F349005D9F1F /* SwiftrisTests.xctest */;
			productType = "com.apple.product-type.bundle.unit-test";
		};
/* End PBXNativeTarget section */

/* Begin PBXProject section */
		D9DD0BE21AF3F348005D9F1F /* Project object */ = {
			isa = PBXProject;
			attributes = {
				LastUpgradeCheck = 0630;
				ORGANIZATIONNAME = Bloc;
				TargetAttributes = {
					D9DD0BE91AF3F349005D9F1F = {
						CreatedOnToolsVersion = 6.3.1;
					};
					D9DD0C021AF3F349005D9F1F = {
						CreatedOnToolsVersion = 6.3.1;
						TestTargetID = D9DD0BE91AF3F349005D9F1F;
					};
				};
			};
			buildConfigurationList = D9DD0BE51AF3F348005D9F1F /* Build configuration list for PBXProject "Swiftris" */;
			compatibilityVersion = "Xcode 3.2";
			developmentRegion = English;
			hasScannedForEncodings = 0;
			knownRegions = (
				en,
				Base,
			);
			mainGroup = D9DD0BE11AF3F348005D9F1F;
			productRefGroup = D9DD0BEB1AF3F349005D9F1F /* Products */;
			projectDirPath = "";
			projectRoot = "";
			targets = (
				D9DD0BE91AF3F349005D9F1F /* Swiftris */,
				D9DD0C021AF3F349005D9F1F /* SwiftrisTests */,
			);
		};
/* End PBXProject section */

/* Begin PBXResourcesBuildPhase section */
		D9DD0BE81AF3F349005D9F1F /* Resources */ = {
			isa = PBXResourcesBuildPhase;
			buildActionMask = 2147483647;
			files = (
				D9DD0BFE1AF3F349005D9F1F /* LaunchScreen.xib in Resources */,
				D9DD0BFB1AF3F349005D9F1F /* Images.xcassets in Resources */,
				D9DD0BF91AF3F349005D9F1F /* Main.storyboard in Resources */,
			);
			runOnlyForDeploymentPostprocessing = 0;
		};
		D9DD0C011AF3F349005D9F1F /* Resources */ = {
			isa = PBXResourcesBuildPhase;
			buildActionMask = 2147483647;
			files = (
			);
			runOnlyForDeploymentPostprocessing = 0;
		};
/* End PBXResourcesBuildPhase section */

/* Begin PBXSourcesBuildPhase section */
		D9DD0BE61AF3F349005D9F1F /* Sources */ = {
			isa = PBXSourcesBuildPhase;
			buildActionMask = 2147483647;
			files = (
				D9DD0BF41AF3F349005D9F1F /* GameScene.swift in Sources */,
				D9DD0BF61AF3F349005D9F1F /* GameViewController.swift in Sources */,
				D9DD0BF01AF3F349005D9F1F /* AppDelegate.swift in Sources */,
			);
			runOnlyForDeploymentPostprocessing = 0;
		};
		D9DD0BFF1AF3F349005D9F1F /* Sources */ = {
			isa = PBXSourcesBuildPhase;
			buildActionMask = 2147483647;
			files = (
				D9DD0C0A1AF3F349005D9F1F /* SwiftrisTests.swift in Sources */,
			);
			runOnlyForDeploymentPostprocessing = 0;
		};
/* End PBXSourcesBuildPhase section */

/* Begin PBXTargetDependency section */
		D9DD0C051AF3F349005D9F1F /* PBXTargetDependency */ = {
			isa = PBXTargetDependency;
			target = D9DD0BE91AF3F349005D9F1F /* Swiftris */;
			targetProxy = D9DD0C041AF3F349005D9F1F /* PBXContainerItemProxy */;
		};
/* End PBXTargetDependency section */

/* Begin PBXVariantGroup section */
		D9DD0BF71AF3F349005D9F1F /* Main.storyboard */ = {
			isa = PBXVariantGroup;
			children = (
				D9DD0BF81AF3F349005D9F1F /* Base */,
			);
			name = Main.storyboard;
			sourceTree = "<group>";
		};
		D9DD0BFC1AF3F349005D9F1F /* LaunchScreen.xib */ = {
			isa = PBXVariantGroup;
			children = (
				D9DD0BFD1AF3F349005D9F1F /* Base */,
			);
			name = LaunchScreen.xib;
			sourceTree = "<group>";
		};
/* End PBXVariantGroup section */

/* Begin XCBuildConfiguration section */
		D9DD0C0B1AF3F349005D9F1F /* Debug */ = {
			isa = XCBuildConfiguration;
			buildSettings = {
				ALWAYS_SEARCH_USER_PATHS = NO;
				CLANG_CXX_LANGUAGE_STANDARD = "gnu++0x";
				CLANG_CXX_LIBRARY = "libc++";
				CLANG_ENABLE_MODULES = YES;
				CLANG_ENABLE_OBJC_ARC = YES;
				CLANG_WARN_BOOL_CONVERSION = YES;
				CLANG_WARN_CONSTANT_CONVERSION = YES;
				CLANG_WARN_DIRECT_OBJC_ISA_USAGE = YES_ERROR;
				CLANG_WARN_EMPTY_BODY = YES;
				CLANG_WARN_ENUM_CONVERSION = YES;
				CLANG_WARN_INT_CONVERSION = YES;
				CLANG_WARN_OBJC_ROOT_CLASS = YES_ERROR;
				CLANG_WARN_UNREACHABLE_CODE = YES;
				CLANG_WARN__DUPLICATE_METHOD_MATCH = YES;
				"CODE_SIGN_IDENTITY[sdk=iphoneos*]" = "iPhone Developer";
				COPY_PHASE_STRIP = NO;
				DEBUG_INFORMATION_FORMAT = "dwarf-with-dsym";
				ENABLE_STRICT_OBJC_MSGSEND = YES;
				GCC_C_LANGUAGE_STANDARD = gnu99;
				GCC_DYNAMIC_NO_PIC = NO;
				GCC_NO_COMMON_BLOCKS = YES;
				GCC_OPTIMIZATION_LEVEL = 0;
				GCC_PREPROCESSOR_DEFINITIONS = (
					"DEBUG=1",
					"$(inherited)",
				);
				GCC_SYMBOLS_PRIVATE_EXTERN = NO;
				GCC_WARN_64_TO_32_BIT_CONVERSION = YES;
				GCC_WARN_ABOUT_RETURN_TYPE = YES_ERROR;
				GCC_WARN_UNDECLARED_SELECTOR = YES;
				GCC_WARN_UNINITIALIZED_AUTOS = YES_AGGRESSIVE;
				GCC_WARN_UNUSED_FUNCTION = YES;
				GCC_WARN_UNUSED_VARIABLE = YES;
				IPHONEOS_DEPLOYMENT_TARGET = 8.3;
				MTL_ENABLE_DEBUG_INFO = YES;
				ONLY_ACTIVE_ARCH = YES;
				SDKROOT = iphoneos;
				SWIFT_OPTIMIZATION_LEVEL = "-Onone";
			};
			name = Debug;
		};
		D9DD0C0C1AF3F349005D9F1F /* Release */ = {
			isa = XCBuildConfiguration;
			buildSettings = {
				ALWAYS_SEARCH_USER_PATHS = NO;
				CLANG_CXX_LANGUAGE_STANDARD = "gnu++0x";
				CLANG_CXX_LIBRARY = "libc++";
				CLANG_ENABLE_MODULES = YES;
				CLANG_ENABLE_OBJC_ARC = YES;
				CLANG_WARN_BOOL_CONVERSION = YES;
				CLANG_WARN_CONSTANT_CONVERSION = YES;
				CLANG_WARN_DIRECT_OBJC_ISA_USAGE = YES_ERROR;
				CLANG_WARN_EMPTY_BODY = YES;
				CLANG_WARN_ENUM_CONVERSION = YES;
				CLANG_WARN_INT_CONVERSION = YES;
				CLANG_WARN_OBJC_ROOT_CLASS = YES_ERROR;
				CLANG_WARN_UNREACHABLE_CODE = YES;
				CLANG_WARN__DUPLICATE_METHOD_MATCH = YES;
				"CODE_SIGN_IDENTITY[sdk=iphoneos*]" = "iPhone Developer";
				COPY_PHASE_STRIP = NO;
				DEBUG_INFORMATION_FORMAT = "dwarf-with-dsym";
				ENABLE_NS_ASSERTIONS = NO;
				ENABLE_STRICT_OBJC_MSGSEND = YES;
				GCC_C_LANGUAGE_STANDARD = gnu99;
				GCC_NO_COMMON_BLOCKS = YES;
				GCC_WARN_64_TO_32_BIT_CONVERSION = YES;
				GCC_WARN_ABOUT_RETURN_TYPE = YES_ERROR;
				GCC_WARN_UNDECLARED_SELECTOR = YES;
				GCC_WARN_UNINITIALIZED_AUTOS = YES_AGGRESSIVE;
				GCC_WARN_UNUSED_FUNCTION = YES;
				GCC_WARN_UNUSED_VARIABLE = YES;
				IPHONEOS_DEPLOYMENT_TARGET = 8.3;
				MTL_ENABLE_DEBUG_INFO = NO;
				SDKROOT = iphoneos;
				VALIDATE_PRODUCT = YES;
			};
			name = Release;
		};
		D9DD0C0E1AF3F349005D9F1F /* Debug */ = {
			isa = XCBuildConfiguration;
			buildSettings = {
				ASSETCATALOG_COMPILER_APPICON_NAME = AppIcon;
				INFOPLIST_FILE = Swiftris/Info.plist;
				LD_RUNPATH_SEARCH_PATHS = "$(inherited) @executable_path/Frameworks";
				PRODUCT_NAME = "$(TARGET_NAME)";
			};
			name = Debug;
		};
		D9DD0C0F1AF3F349005D9F1F /* Release */ = {
			isa = XCBuildConfiguration;
			buildSettings = {
				ASSETCATALOG_COMPILER_APPICON_NAME = AppIcon;
				INFOPLIST_FILE = Swiftris/Info.plist;
				LD_RUNPATH_SEARCH_PATHS = "$(inherited) @executable_path/Frameworks";
				PRODUCT_NAME = "$(TARGET_NAME)";
			};
			name = Release;
		};
		D9DD0C111AF3F349005D9F1F /* Debug */ = {
			isa = XCBuildConfiguration;
			buildSettings = {
				BUNDLE_LOADER = "$(TEST_HOST)";
				FRAMEWORK_SEARCH_PATHS = (
					"$(SDKROOT)/Developer/Library/Frameworks",
					"$(inherited)",
				);
				GCC_PREPROCESSOR_DEFINITIONS = (
					"DEBUG=1",
					"$(inherited)",
				);
				INFOPLIST_FILE = SwiftrisTests/Info.plist;
				LD_RUNPATH_SEARCH_PATHS = "$(inherited) @executable_path/Frameworks @loader_path/Frameworks";
				PRODUCT_NAME = "$(TARGET_NAME)";
				TEST_HOST = "$(BUILT_PRODUCTS_DIR)/Swiftris.app/Swiftris";
			};
			name = Debug;
		};
		D9DD0C121AF3F349005D9F1F /* Release */ = {
			isa = XCBuildConfiguration;
			buildSettings = {
				BUNDLE_LOADER = "$(TEST_HOST)";
				FRAMEWORK_SEARCH_PATHS = (
					"$(SDKROOT)/Developer/Library/Frameworks",
					"$(inherited)",
				);
				INFOPLIST_FILE = SwiftrisTests/Info.plist;
				LD_RUNPATH_SEARCH_PATHS = "$(inherited) @executable_path/Frameworks @loader_path/Frameworks";
				PRODUCT_NAME = "$(TARGET_NAME)";
				TEST_HOST = "$(BUILT_PRODUCTS_DIR)/Swiftris.app/Swiftris";
			};
			name = Release;
		};
/* End XCBuildConfiguration section */

/* Begin XCConfigurationList section */
		D9DD0BE51AF3F348005D9F1F /* Build configuration list for PBXProject "Swiftris" */ = {
			isa = XCConfigurationList;
			buildConfigurations = (
				D9DD0C0B1AF3F349005D9F1F /* Debug */,
				D9DD0C0C1AF3F349005D9F1F /* Release */,
			);
			defaultConfigurationIsVisible = 0;
			defaultConfigurationName = Release;
		};
		D9DD0C0D1AF3F349005D9F1F /* Build configuration list for PBXNativeTarget "Swiftris" */ = {
			isa = XCConfigurationList;
			buildConfigurations = (
				D9DD0C0E1AF3F349005D9F1F /* Debug */,
				D9DD0C0F1AF3F349005D9F1F /* Release */,
			);
			defaultConfigurationIsVisible = 0;
		};
		D9DD0C101AF3F349005D9F1F /* Build configuration list for PBXNativeTarget "SwiftrisTests" */ = {
			isa = XCConfigurationList;
			buildConfigurations = (
				D9DD0C111AF3F349005D9F1F /* Debug */,
				D9DD0C121AF3F349005D9F1F /* Release */,
			);
			defaultConfigurationIsVisible = 0;
		};
/* End XCConfigurationList section */
	};
	rootObject = D9DD0BE21AF3F348005D9F1F /* Project object */;
}
